
Microsoft Visual Studio Solution File, Format Version 12.00
# Visual Studio Version 17
VisualStudioVersion = 17.14.37216.2
MinimumVisualStudioVersion = 10.0.40219.1
Project("{8BC9CEB8-8B4A-11D0-8D11-00A0C91BC942}") = "01_IntroToCPP", "01_IntroToCPP\01_IntroToCPP.vcxproj", "{9D5A8592-786F-43B4-85F8-DAE1C76830C7}"
EndProject
Project("{8BC9CEB8-8B4A-11D0-8D11-00A0C91BC942}") = "02_DataTypes", "02_DataTypes\02_DataTypes.vcxproj", "{8D2D969E-A0B7-41AA-9254-BC04F20DCABF}"
EndProject
Project("{8BC9CEB8-8B4A-11D0-8D11-00A0C91BC942}") = "02_Homework", "02_Homework\02_Homework.vcxproj", "{69F2BE4F-8E41-448B-AC62-B80605074400}"
EndProject
Project("{8BC9CEB8-8B4A-11D0-8D11-00A0C91BC942}") = "03_Operators", "03_Operators\03_Operators.vcxproj", "{F569796B-FAF2-49FB-BB25-E3FEDC80C225}"
EndProject
Project("{8BC9CEB8-8B4A-11D0-8D11-00A0C91BC942}") = "03_Prac", "03_Prac\03_Prac.vcxproj", "{59232A79-7A3A-4EF0-BF16-06943B195596}"
EndProject
Project("{8BC9CEB8-8B4A-11D0-8D11-00A0C91BC942}") = "04_EnumCycles.cpp", "04_EnumCycles.cpp\04_EnumCycles.cpp.vcxproj", "{944E6BDD-8844-444B-BB05-CB03247241A5}"
EndProject
Project("{8BC9CEB8-8B4A-11D0-8D11-00A0C91BC942}") = "04_Prac", "04_Prac\04_Prac.vcxproj", "{853BCB71-7389-4256-8E0B-652F84C249F8}"
EndProject
Project("{8BC9CEB8-8B4A-11D0-8D11-00A0C91BC942}") = "04_Homework", "04_Homework\04_Homework.vcxproj", "{01A46BCF-B84D-4807-B101-92ED8B9B993F}"
EndProject
Project("{8BC9CEB8-8B4A-11D0-8D11-00A0C91BC942}") = "05_IncludeCycles", "05_IncludeCycles\05_IncludeCycles.vcxproj", "{29751751-00F1-4D86-96AC-8B52941BAD03}"
EndProject
Project("{8BC9CEB8-8B4A-11D0-8D11-00A0C91BC942}") = "05_Prac", "05_Prac\05_Prac.vcxproj", "{1453D365-C4EC-4829-835D-1EAA1A489D33}"
EndProject
Project("{8BC9CEB8-8B4A-11D0-8D11-00A0C91BC942}") = "05_Homework", "05_Homework\05_Homework.vcxproj", "{783347BA-79CA-498D-83DB-585E41B9774E}"
EndProject
Project("{8BC9CEB8-8B4A-11D0-8D11-00A0C91BC942}") = "06_Arrays", "06_Arrays\06_Arrays.vcxproj", "{ADD3632F-3DF0-41CC-B157-B7BF9A35387F}"
EndProject
Project("{8BC9CEB8-8B4A-11D0-8D11-00A0C91BC942}") = "06_Prac", "06_Prac\06_Prac.vcxproj", "{013908F2-06AA-49D5-90B1-CAF783C869D3}"
EndProject
Project("{8BC9CEB8-8B4A-11D0-8D11-00A0C91BC942}") = "07_TwoDimentionArray", "07_TwoDimentionArray\07_TwoDimentionArray.vcxproj", "{5EE7D526-3B4A-4F77-AB21-96D001A635E8}"
EndProject
Project("{8BC9CEB8-8B4A-11D0-8D11-00A0C91BC942}") = "07_Prac", "07_Prac\07_Prac.vcxproj", "{022DD345-A594-44E2-ADE7-850D5A2C255F}"
EndProject
Project("{8BC9CEB8-8B4A-11D0-8D11-00A0C91BC942}") = "08_Function", "08_Function\08_Function.vcxproj", "{D80F1FFA-6D11-4F0B-B8BC-B7069A1202F1}"
EndProject
Project("{8BC9CEB8-8B4A-11D0-8D11-00A0C91BC942}") = "08_Prac", "08_Prac\08_Prac.vcxproj", "{89D4F7F7-68CD-4752-8A4F-5DC3FEAD0596}"
EndProject
Project("{8BC9CEB8-8B4A-11D0-8D11-00A0C91BC942}") = "08_Homework", "08_Homework\08_Homework.vcxproj", "{4367D549-B37E-4B43-BEE8-13273F5A08A4}"
EndProject
Project("{8BC9CEB8-8B4A-11D0-8D11-00A0C91BC942}") = "09_TemplateFunction", "09_TemplateFunction\09_TemplateFunction.vcxproj", "{E89C36A0-7ABA-4B62-A685-E5E088C018DB}"
EndProject
Project("{8BC9CEB8-8B4A-11D0-8D11-00A0C91BC942}") = "09_Prac", "09_Prac\09_Prac.vcxproj", "{1AD38AE1-77BB-4526-9344-C7E5721E92C3}"
EndProject
Project("{8BC9CEB8-8B4A-11D0-8D11-00A0C91BC942}") = "09_Homework", "09_Homework\09_Homework.vcxproj", "{E16DC738-93F3-4C0A-B661-20019E195E40}"
EndProject
Project("{8BC9CEB8-8B4A-11D0-8D11-00A0C91BC942}") = "10_LinerSearch_Sort", "10_LinerSearch_Sort\10_LinerSearch_Sort.vcxproj", "{67DF9D3E-8C23-4B76-BA57-DF33897612BF}"
EndProject
Project("{8BC9CEB8-8B4A-11D0-8D11-00A0C91BC942}") = "10_Prac", "10_Prac\10_Prac.vcxproj", "{A304635A-87CD-4C22-8F55-3474831ECAEF}"
EndProject
Project("{8BC9CEB8-8B4A-11D0-8D11-00A0C91BC942}") = "10_Homework", "10_Homework\10_Homework.vcxproj", "{239C3C71-B96D-4955-BAAA-2CBF31BB3113}"
EndProject
Project("{8BC9CEB8-8B4A-11D0-8D11-00A0C91BC942}") = "11_Recursion_BinarySearch", "11_Recursion_BinarySearch\11_Recursion_BinarySearch.vcxproj", "{B9FF6453-872D-4C7C-9E2D-DBC54D8A8B99}"
EndProject
Project("{8BC9CEB8-8B4A-11D0-8D11-00A0C91BC942}") = "11_Prac", "11_Prac\11_Prac.vcxproj", "{8192006F-0870-4BE6-BAE4-B2EF6AF2C362}"
EndProject
Global
	GlobalSection(SolutionConfigurationPlatforms) = preSolution
		Debug|x64 = Debug|x64
		Debug|x86 = Debug|x86
		Release|x64 = Release|x64
		Release|x86 = Release|x86
	EndGlobalSection
	GlobalSection(ProjectConfigurationPlatforms) = postSolution
		{9D5A8592-786F-43B4-85F8-DAE1C76830C7}.Debug|x64.ActiveCfg = Debug|x64
		{9D5A8592-786F-43B4-85F8-DAE1C76830C7}.Debug|x64.Build.0 = Debug|x64
		{9D5A8592-786F-43B4-85F8-DAE1C76830C7}.Debug|x86.ActiveCfg = Debug|Win32
		{9D5A8592-786F-43B4-85F8-DAE1C76830C7}.Debug|x86.Build.0 = Debug|Win32
		{9D5A8592-786F-43B4-85F8-DAE1C76830C7}.Release|x64.ActiveCfg = Release|x64
		{9D5A8592-786F-43B4-85F8-DAE1C76830C7}.Release|x64.Build.0 = Release|x64
		{9D5A8592-786F-43B4-85F8-DAE1C76830C7}.Release|x86.ActiveCfg = Release|Win32
		{9D5A8592-786F-43B4-85F8-DAE1C76830C7}.Release|x86.Build.0 = Release|Win32
		{8D2D969E-A0B7-41AA-9254-BC04F20DCABF}.Debug|x64.ActiveCfg = Debug|x64
		{8D2D969E-A0B7-41AA-9254-BC04F20DCABF}.Debug|x64.Build.0 = Debug|x64
		{8D2D969E-A0B7-41AA-9254-BC04F20DCABF}.Debug|x86.ActiveCfg = Debug|Win32
		{8D2D969E-A0B7-41AA-9254-BC04F20DCABF}.Debug|x86.Build.0 = Debug|Win32
		{8D2D969E-A0B7-41AA-9254-BC04F20DCABF}.Release|x64.ActiveCfg = Release|x64
		{8D2D969E-A0B7-41AA-9254-BC04F20DCABF}.Release|x64.Build.0 = Release|x64
		{8D2D969E-A0B7-41AA-9254-BC04F20DCABF}.Release|x86.ActiveCfg = Release|Win32
		{8D2D969E-A0B7-41AA-9254-BC04F20DCABF}.Release|x86.Build.0 = Release|Win32
		{69F2BE4F-8E41-448B-AC62-B80605074400}.Debug|x64.ActiveCfg = Debug|x64
		{69F2BE4F-8E41-448B-AC62-B80605074400}.Debug|x64.Build.0 = Debug|x64
		{69F2BE4F-8E41-448B-AC62-B80605074400}.Debug|x86.ActiveCfg = Debug|Win32
		{69F2BE4F-8E41-448B-AC62-B80605074400}.Debug|x86.Build.0 = Debug|Win32
		{69F2BE4F-8E41-448B-AC62-B80605074400}.Release|x64.ActiveCfg = Release|x64
		{69F2BE4F-8E41-448B-AC62-B80605074400}.Release|x64.Build.0 = Release|x64
		{69F2BE4F-8E41-448B-AC62-B80605074400}.Release|x86.ActiveCfg = Release|Win32
		{69F2BE4F-8E41-448B-AC62-B80605074400}.Release|x86.Build.0 = Release|Win32
		{F569796B-FAF2-49FB-BB25-E3FEDC80C225}.Debug|x64.ActiveCfg = Debug|x64
		{F569796B-FAF2-49FB-BB25-E3FEDC80C225}.Debug|x64.Build.0 = Debug|x64
		{F569796B-FAF2-49FB-BB25-E3FEDC80C225}.Debug|x86.ActiveCfg = Debug|Win32
		{F569796B-FAF2-49FB-BB25-E3FEDC80C225}.Debug|x86.Build.0 = Debug|Win32
		{F569796B-FAF2-49FB-BB25-E3FEDC80C225}.Release|x64.ActiveCfg = Release|x64
		{F569796B-FAF2-49FB-BB25-E3FEDC80C225}.Release|x64.Build.0 = Release|x64
		{F569796B-FAF2-49FB-BB25-E3FEDC80C225}.Release|x86.ActiveCfg = Release|Win32
		{F569796B-FAF2-49FB-BB25-E3FEDC80C225}.Release|x86.Build.0 = Release|Win32
		{59232A79-7A3A-4EF0-BF16-06943B195596}.Debug|x64.ActiveCfg = Debug|x64
		{59232A79-7A3A-4EF0-BF16-06943B195596}.Debug|x64.Build.0 = Debug|x64
		{59232A79-7A3A-4EF0-BF16-06943B195596}.Debug|x86.ActiveCfg = Debug|Win32
		{59232A79-7A3A-4EF0-BF16-06943B195596}.Debug|x86.Build.0 = Debug|Win32
		{59232A79-7A3A-4EF0-BF16-06943B195596}.Release|x64.ActiveCfg = Release|x64
		{59232A79-7A3A-4EF0-BF16-06943B195596}.Release|x64.Build.0 = Release|x64
		{59232A79-7A3A-4EF0-BF16-06943B195596}.Release|x86.ActiveCfg = Release|Win32
		{59232A79-7A3A-4EF0-BF16-06943B195596}.Release|x86.Build.0 = Release|Win32
		{944E6BDD-8844-444B-BB05-CB03247241A5}.Debug|x64.ActiveCfg = Debug|x64
		{944E6BDD-8844-444B-BB05-CB03247241A5}.Debug|x64.Build.0 = Debug|x64
		{944E6BDD-8844-444B-BB05-CB03247241A5}.Debug|x86.ActiveCfg = Debug|Win32
		{944E6BDD-8844-444B-BB05-CB03247241A5}.Debug|x86.Build.0 = Debug|Win32
		{944E6BDD-8844-444B-BB05-CB03247241A5}.Release|x64.ActiveCfg = Release|x64
		{944E6BDD-8844-444B-BB05-CB03247241A5}.Release|x64.Build.0 = Release|x64
		{944E6BDD-8844-444B-BB05-CB03247241A5}.Release|x86.ActiveCfg = Release|Win32
		{944E6BDD-8844-444B-BB05-CB03247241A5}.Release|x86.Build.0 = Release|Win32
		{853BCB71-7389-4256-8E0B-652F84C249F8}.Debug|x64.ActiveCfg = Debug|x64
		{853BCB71-7389-4256-8E0B-652F84C249F8}.Debug|x64.Build.0 = Debug|x64
		{853BCB71-7389-4256-8E0B-652F84C249F8}.Debug|x86.ActiveCfg = Debug|Win32
		{853BCB71-7389-4256-8E0B-652F84C249F8}.Debug|x86.Build.0 = Debug|Win32
		{853BCB71-7389-4256-8E0B-652F84C249F8}.Release|x64.ActiveCfg = Release|x64
		{853BCB71-7389-4256-8E0B-652F84C249F8}.Release|x64.Build.0 = Release|x64
		{853BCB71-7389-4256-8E0B-652F84C249F8}.Release|x86.ActiveCfg = Release|Win32
		{853BCB71-7389-4256-8E0B-652F84C249F8}.Release|x86.Build.0 = Release|Win32
		{01A46BCF-B84D-4807-B101-92ED8B9B993F}.Debug|x64.ActiveCfg = Debug|x64
		{01A46BCF-B84D-4807-B101-92ED8B9B993F}.Debug|x64.Build.0 = Debug|x64
		{01A46BCF-B84D-4807-B101-92ED8B9B993F}.Debug|x86.ActiveCfg = Debug|Win32
		{01A46BCF-B84D-4807-B101-92ED8B9B993F}.Debug|x86.Build.0 = Debug|Win32
		{01A46BCF-B84D-4807-B101-92ED8B9B993F}.Release|x64.ActiveCfg = Release|x64
		{01A46BCF-B84D-4807-B101-92ED8B9B993F}.Release|x64.Build.0 = Release|x64
		{01A46BCF-B84D-4807-B101-92ED8B9B993F}.Release|x86.ActiveCfg = Release|Win32
		{01A46BCF-B84D-4807-B101-92ED8B9B993F}.Release|x86.Build.0 = Release|Win32
		{29751751-00F1-4D86-96AC-8B52941BAD03}.Debug|x64.ActiveCfg = Debug|x64
		{29751751-00F1-4D86-96AC-8B52941BAD03}.Debug|x64.Build.0 = Debug|x64
		{29751751-00F1-4D86-96AC-8B52941BAD03}.Debug|x86.ActiveCfg = Debug|Win32
		{29751751-00F1-4D86-96AC-8B52941BAD03}.Debug|x86.Build.0 = Debug|Win32
		{29751751-00F1-4D86-96AC-8B52941BAD03}.Release|x64.ActiveCfg = Release|x64
		{29751751-00F1-4D86-96AC-8B52941BAD03}.Release|x64.Build.0 = Release|x64
		{29751751-00F1-4D86-96AC-8B52941BAD03}.Release|x86.ActiveCfg = Release|Win32
		{29751751-00F1-4D86-96AC-8B52941BAD03}.Release|x86.Build.0 = Release|Win32
		{1453D365-C4EC-4829-835D-1EAA1A489D33}.Debug|x64.ActiveCfg = Debug|x64
		{1453D365-C4EC-4829-835D-1EAA1A489D33}.Debug|x64.Build.0 = Debug|x64
		{1453D365-C4EC-4829-835D-1EAA1A489D33}.Debug|x86.ActiveCfg = Debug|Win32
		{1453D365-C4EC-4829-835D-1EAA1A489D33}.Debug|x86.Build.0 = Debug|Win32
		{1453D365-C4EC-4829-835D-1EAA1A489D33}.Release|x64.ActiveCfg = Release|x64
		{1453D365-C4EC-4829-835D-1EAA1A489D33}.Release|x64.Build.0 = Release|x64
		{1453D365-C4EC-4829-835D-1EAA1A489D33}.Release|x86.ActiveCfg = Release|Win32
		{1453D365-C4EC-4829-835D-1EAA1A489D33}.Release|x86.Build.0 = Release|Win32
		{783347BA-79CA-498D-83DB-585E41B9774E}.Debug|x64.ActiveCfg = Debug|x64
		{783347BA-79CA-498D-83DB-585E41B9774E}.Debug|x64.Build.0 = Debug|x64
		{783347BA-79CA-498D-83DB-585E41B9774E}.Debug|x86.ActiveCfg = Debug|Win32
		{783347BA-79CA-498D-83DB-585E41B9774E}.Debug|x86.Build.0 = Debug|Win32
		{783347BA-79CA-498D-83DB-585E41B9774E}.Release|x64.ActiveCfg = Release|x64
		{783347BA-79CA-498D-83DB-585E41B9774E}.Release|x64.Build.0 = Release|x64
		{783347BA-79CA-498D-83DB-585E41B9774E}.Release|x86.ActiveCfg = Release|Win32
		{783347BA-79CA-498D-83DB-585E41B9774E}.Release|x86.Build.0 = Release|Win32
		{ADD3632F-3DF0-41CC-B157-B7BF9A35387F}.Debug|x64.ActiveCfg = Debug|x64
		{ADD3632F-3DF0-41CC-B157-B7BF9A35387F}.Debug|x64.Build.0 = Debug|x64
		{ADD3632F-3DF0-41CC-B157-B7BF9A35387F}.Debug|x86.ActiveCfg = Debug|Win32
		{ADD3632F-3DF0-41CC-B157-B7BF9A35387F}.Debug|x86.Build.0 = Debug|Win32
		{ADD3632F-3DF0-41CC-B157-B7BF9A35387F}.Release|x64.ActiveCfg = Release|x64
		{ADD3632F-3DF0-41CC-B157-B7BF9A35387F}.Release|x64.Build.0 = Release|x64
		{ADD3632F-3DF0-41CC-B157-B7BF9A35387F}.Release|x86.ActiveCfg = Release|Win32
		{ADD3632F-3DF0-41CC-B157-B7BF9A35387F}.Release|x86.Build.0 = Release|Win32
		{013908F2-06AA-49D5-90B1-CAF783C869D3}.Debug|x64.ActiveCfg = Debug|x64
		{013908F2-06AA-49D5-90B1-CAF783C869D3}.Debug|x64.Build.0 = Debug|x64
		{013908F2-06AA-49D5-90B1-CAF783C869D3}.Debug|x86.ActiveCfg = Debug|Win32
		{013908F2-06AA-49D5-90B1-CAF783C869D3}.Debug|x86.Build.0 = Debug|Win32
		{013908F2-06AA-49D5-90B1-CAF783C869D3}.Release|x64.ActiveCfg = Release|x64
		{013908F2-06AA-49D5-90B1-CAF783C869D3}.Release|x64.Build.0 = Release|x64
		{013908F2-06AA-49D5-90B1-CAF783C869D3}.Release|x86.ActiveCfg = Release|Win32
		{013908F2-06AA-49D5-90B1-CAF783C869D3}.Release|x86.Build.0 = Release|Win32
		{5EE7D526-3B4A-4F77-AB21-96D001A635E8}.Debug|x64.ActiveCfg = Debug|x64
		{5EE7D526-3B4A-4F77-AB21-96D001A635E8}.Debug|x64.Build.0 = Debug|x64
		{5EE7D526-3B4A-4F77-AB21-96D001A635E8}.Debug|x86.ActiveCfg = Debug|Win32
		{5EE7D526-3B4A-4F77-AB21-96D001A635E8}.Debug|x86.Build.0 = Debug|Win32
		{5EE7D526-3B4A-4F77-AB21-96D001A635E8}.Release|x64.ActiveCfg = Release|x64
		{5EE7D526-3B4A-4F77-AB21-96D001A635E8}.Release|x64.Build.0 = Release|x64
		{5EE7D526-3B4A-4F77-AB21-96D001A635E8}.Release|x86.ActiveCfg = Release|Win32
		{5EE7D526-3B4A-4F77-AB21-96D001A635E8}.Release|x86.Build.0 = Release|Win32
		{022DD345-A594-44E2-ADE7-850D5A2C255F}.Debug|x64.ActiveCfg = Debug|x64
		{022DD345-A594-44E2-ADE7-850D5A2C255F}.Debug|x64.Build.0 = Debug|x64
		{022DD345-A594-44E2-ADE7-850D5A2C255F}.Debug|x86.ActiveCfg = Debug|Win32
		{022DD345-A594-44E2-ADE7-850D5A2C255F}.Debug|x86.Build.0 = Debug|Win32
		{022DD345-A594-44E2-ADE7-850D5A2C255F}.Release|x64.ActiveCfg = Release|x64
		{022DD345-A594-44E2-ADE7-850D5A2C255F}.Release|x64.Build.0 = Release|x64
		{022DD345-A594-44E2-ADE7-850D5A2C255F}.Release|x86.ActiveCfg = Release|Win32
		{022DD345-A594-44E2-ADE7-850D5A2C255F}.Release|x86.Build.0 = Release|Win32
		{D80F1FFA-6D11-4F0B-B8BC-B7069A1202F1}.Debug|x64.ActiveCfg = Debug|x64
		{D80F1FFA-6D11-4F0B-B8BC-B7069A1202F1}.Debug|x64.Build.0 = Debug|x64
		{D80F1FFA-6D11-4F0B-B8BC-B7069A1202F1}.Debug|x86.ActiveCfg = Debug|Win32
		{D80F1FFA-6D11-4F0B-B8BC-B7069A1202F1}.Debug|x86.Build.0 = Debug|Win32
		{D80F1FFA-6D11-4F0B-B8BC-B7069A1202F1}.Release|x64.ActiveCfg = Release|x64
		{D80F1FFA-6D11-4F0B-B8BC-B7069A1202F1}.Release|x64.Build.0 = Release|x64
		{D80F1FFA-6D11-4F0B-B8BC-B7069A1202F1}.Release|x86.ActiveCfg = Release|Win32
		{D80F1FFA-6D11-4F0B-B8BC-B7069A1202F1}.Release|x86.Build.0 = Release|Win32
		{89D4F7F7-68CD-4752-8A4F-5DC3FEAD0596}.Debug|x64.ActiveCfg = Debug|x64
		{89D4F7F7-68CD-4752-8A4F-5DC3FEAD0596}.Debug|x64.Build.0 = Debug|x64
		{89D4F7F7-68CD-4752-8A4F-5DC3FEAD0596}.Debug|x86.ActiveCfg = Debug|Win32
		{89D4F7F7-68CD-4752-8A4F-5DC3FEAD0596}.Debug|x86.Build.0 = Debug|Win32
		{89D4F7F7-68CD-4752-8A4F-5DC3FEAD0596}.Release|x64.ActiveCfg = Release|x64
		{89D4F7F7-68CD-4752-8A4F-5DC3FEAD0596}.Release|x64.Build.0 = Release|x64
		{89D4F7F7-68CD-4752-8A4F-5DC3FEAD0596}.Release|x86.ActiveCfg = Release|Win32
		{89D4F7F7-68CD-4752-8A4F-5DC3FEAD0596}.Release|x86.Build.0 = Release|Win32
		{4367D549-B37E-4B43-BEE8-13273F5A08A4}.Debug|x64.ActiveCfg = Debug|x64
		{4367D549-B37E-4B43-BEE8-13273F5A08A4}.Debug|x64.Build.0 = Debug|x64
		{4367D549-B37E-4B43-BEE8-13273F5A08A4}.Debug|x86.ActiveCfg = Debug|Win32
		{4367D549-B37E-4B43-BEE8-13273F5A08A4}.Debug|x86.Build.0 = Debug|Win32
		{4367D549-B37E-4B43-BEE8-13273F5A08A4}.Release|x64.ActiveCfg = Release|x64
		{4367D549-B37E-4B43-BEE8-13273F5A08A4}.Release|x64.Build.0 = Release|x64
		{4367D549-B37E-4B43-BEE8-13273F5A08A4}.Release|x86.ActiveCfg = Release|Win32
		{4367D549-B37E-4B43-BEE8-13273F5A08A4}.Release|x86.Build.0 = Release|Win32
		{E89C36A0-7ABA-4B62-A685-E5E088C018DB}.Debug|x64.ActiveCfg = Debug|x64
		{E89C36A0-7ABA-4B62-A685-E5E088C018DB}.Debug|x64.Build.0 = Debug|x64
		{E89C36A0-7ABA-4B62-A685-E5E088C018DB}.Debug|x86.ActiveCfg = Debug|Win32
		{E89C36A0-7ABA-4B62-A685-E5E088C018DB}.Debug|x86.Build.0 = Debug|Win32
		{E89C36A0-7ABA-4B62-A685-E5E088C018DB}.Release|x64.ActiveCfg = Release|x64
		{E89C36A0-7ABA-4B62-A685-E5E088C018DB}.Release|x64.Build.0 = Release|x64
		{E89C36A0-7ABA-4B62-A685-E5E088C018DB}.Release|x86.ActiveCfg = Release|Win32
		{E89C36A0-7ABA-4B62-A685-E5E088C018DB}.Release|x86.Build.0 = Release|Win32
		{1AD38AE1-77BB-4526-9344-C7E5721E92C3}.Debug|x64.ActiveCfg = Debug|x64
		{1AD38AE1-77BB-4526-9344-C7E5721E92C3}.Debug|x64.Build.0 = Debug|x64
		{1AD38AE1-77BB-4526-9344-C7E5721E92C3}.Debug|x86.ActiveCfg = Debug|Win32
		{1AD38AE1-77BB-4526-9344-C7E5721E92C3}.Debug|x86.Build.0 = Debug|Win32
		{1AD38AE1-77BB-4526-9344-C7E5721E92C3}.Release|x64.ActiveCfg = Release|x64
		{1AD38AE1-77BB-4526-9344-C7E5721E92C3}.Release|x64.Build.0 = Release|x64
		{1AD38AE1-77BB-4526-9344-C7E5721E92C3}.Release|x86.ActiveCfg = Release|Win32
		{1AD38AE1-77BB-4526-9344-C7E5721E92C3}.Release|x86.Build.0 = Release|Win32
		{E16DC738-93F3-4C0A-B661-20019E195E40}.Debug|x64.ActiveCfg = Debug|x64
		{E16DC738-93F3-4C0A-B661-20019E195E40}.Debug|x64.Build.0 = Debug|x64
		{E16DC738-93F3-4C0A-B661-20019E195E40}.Debug|x86.ActiveCfg = Debug|Win32
		{E16DC738-93F3-4C0A-B661-20019E195E40}.Debug|x86.Build.0 = Debug|Win32
		{E16DC738-93F3-4C0A-B661-20019E195E40}.Release|x64.ActiveCfg = Release|x64
		{E16DC738-93F3-4C0A-B661-20019E195E40}.Release|x64.Build.0 = Release|x64
		{E16DC738-93F3-4C0A-B661-20019E195E40}.Release|x86.ActiveCfg = Release|Win32
		{E16DC738-93F3-4C0A-B661-20019E195E40}.Release|x86.Build.0 = Release|Win32
		{67DF9D3E-8C23-4B76-BA57-DF33897612BF}.Debug|x64.ActiveCfg = Debug|x64
		{67DF9D3E-8C23-4B76-BA57-DF33897612BF}.Debug|x64.Build.0 = Debug|x64
		{67DF9D3E-8C23-4B76-BA57-DF33897612BF}.Debug|x86.ActiveCfg = Debug|Win32
		{67DF9D3E-8C23-4B76-BA57-DF33897612BF}.Debug|x86.Build.0 = Debug|Win32
		{67DF9D3E-8C23-4B76-BA57-DF33897612BF}.Release|x64.ActiveCfg = Release|x64
		{67DF9D3E-8C23-4B76-BA57-DF33897612BF}.Release|x64.Build.0 = Release|x64
		{67DF9D3E-8C23-4B76-BA57-DF33897612BF}.Release|x86.ActiveCfg = Release|Win32
		{67DF9D3E-8C23-4B76-BA57-DF33897612BF}.Release|x86.Build.0 = Release|Win32
		{A304635A-87CD-4C22-8F55-3474831ECAEF}.Debug|x64.ActiveCfg = Debug|x64
		{A304635A-87CD-4C22-8F55-3474831ECAEF}.Debug|x64.Build.0 = Debug|x64
		{A304635A-87CD-4C22-8F55-3474831ECAEF}.Debug|x86.ActiveCfg = Debug|Win32
		{A304635A-87CD-4C22-8F55-3474831ECAEF}.Debug|x86.Build.0 = Debug|Win32
		{A304635A-87CD-4C22-8F55-3474831ECAEF}.Release|x64.ActiveCfg = Release|x64
		{A304635A-87CD-4C22-8F55-3474831ECAEF}.Release|x64.Build.0 = Release|x64
		{A304635A-87CD-4C22-8F55-3474831ECAEF}.Release|x86.ActiveCfg = Release|Win32
		{A304635A-87CD-4C22-8F55-3474831ECAEF}.Release|x86.Build.0 = Release|Win32
		{239C3C71-B96D-4955-BAAA-2CBF31BB3113}.Debug|x64.ActiveCfg = Debug|x64
		{239C3C71-B96D-4955-BAAA-2CBF31BB3113}.Debug|x64.Build.0 = Debug|x64
		{239C3C71-B96D-4955-BAAA-2CBF31BB3113}.Debug|x86.ActiveCfg = Debug|Win32
		{239C3C71-B96D-4955-BAAA-2CBF31BB3113}.Debug|x86.Build.0 = Debug|Win32
		{239C3C71-B96D-4955-BAAA-2CBF31BB3113}.Release|x64.ActiveCfg = Release|x64
		{239C3C71-B96D-4955-BAAA-2CBF31BB3113}.Release|x64.Build.0 = Release|x64
		{239C3C71-B96D-4955-BAAA-2CBF31BB3113}.Release|x86.ActiveCfg = Release|Win32
		{239C3C71-B96D-4955-BAAA-2CBF31BB3113}.Release|x86.Build.0 = Release|Win32
		{B9FF6453-872D-4C7C-9E2D-DBC54D8A8B99}.Debug|x64.ActiveCfg = Debug|x64
		{B9FF6453-872D-4C7C-9E2D-DBC54D8A8B99}.Debug|x64.Build.0 = Debug|x64
		{B9FF6453-872D-4C7C-9E2D-DBC54D8A8B99}.Debug|x86.ActiveCfg = Debug|Win32
		{B9FF6453-872D-4C7C-9E2D-DBC54D8A8B99}.Debug|x86.Build.0 = Debug|Win32
		{B9FF6453-872D-4C7C-9E2D-DBC54D8A8B99}.Release|x64.ActiveCfg = Release|x64
		{B9FF6453-872D-4C7C-9E2D-DBC54D8A8B99}.Release|x64.Build.0 = Release|x64
		{B9FF6453-872D-4C7C-9E2D-DBC54D8A8B99}.Release|x86.ActiveCfg = Release|Win32
		{B9FF6453-872D-4C7C-9E2D-DBC54D8A8B99}.Release|x86.Build.0 = Release|Win32
		{8192006F-0870-4BE6-BAE4-B2EF6AF2C362}.Debug|x64.ActiveCfg = Debug|x64
		{8192006F-0870-4BE6-BAE4-B2EF6AF2C362}.Debug|x64.Build.0 = Debug|x64
		{8192006F-0870-4BE6-BAE4-B2EF6AF2C362}.Debug|x86.ActiveCfg = Debug|Win32
		{8192006F-0870-4BE6-BAE4-B2EF6AF2C362}.Debug|x86.Build.0 = Debug|Win32
		{8192006F-0870-4BE6-BAE4-B2EF6AF2C362}.Release|x64.ActiveCfg = Release|x64
		{8192006F-0870-4BE6-BAE4-B2EF6AF2C362}.Release|x64.Build.0 = Release|x64
		{8192006F-0870-4BE6-BAE4-B2EF6AF2C362}.Release|x86.ActiveCfg = Release|Win32
		{8192006F-0870-4BE6-BAE4-B2EF6AF2C362}.Release|x86.Build.0 = Release|Win32
	EndGlobalSection
	GlobalSection(SolutionProperties) = preSolution
		HideSolutionNode = FALSE
	EndGlobalSection
	GlobalSection(ExtensibilityGlobals) = postSolution
		SolutionGuid = {812F81F4-2AEE-4F71-8032-644A897A216D}
	EndGlobalSection
EndGlobal
